version = 1
requires-python = ">=3.12"

[[package]]
name = "115701571-hw2"
version = "0.1.0"
source = { virtual = "." }
dependencies = [
    { name = "glfw" },
    { name = "numpy" },
    { name = "pyglm" },
    { name = "pyopengl" },
]

[package.metadata]
requires-dist = [
    { name = "glfw", specifier = ">=2.7.0" },
    { name = "numpy", specifier = ">=2.1.1" },
    { name = "pyglm", specifier = ">=2.7.2" },
    { name = "pyopengl", specifier = ">=3.1.7" },
]

[[package]]
name = "glfw"
version = "2.7.0"
source = { registry = "https://pypi.org/simple" }
sdist = { url = "https://files.pythonhosted.org/packages/1f/fe/fd827e0e0babed43c08949644d1c2cafe5bc0f0ddcd369248eb27841c81c/glfw-2.7.0.tar.gz", hash = "sha256:0e209ad38fa8c5be67ca590d7b17533d95ad1eb57d0a3f07b98131db69b79000", size = 31401 }
wheels = [
    { url = "https://files.pythonhosted.org/packages/d1/d7/40c26020bca98785bbb052b8c536324de77f0587d3fdec02e64fe77d73cb/glfw-2.7.0-py2.py27.py3.py30.py31.py32.py33.py34.py35.py36.py37.py38-none-macosx_10_6_intel.whl", hash = "sha256:bd82849edcceda4e262bd1227afaa74b94f9f0731c1197863cd25c15bfc613fc", size = 97004 },
    { url = "https://files.pythonhosted.org/packages/4d/70/a5ed74aa489163a72a52b03a02ff3d49b1c82c7edd5be78f09a292c29e21/glfw-2.7.0-py2.py27.py3.py30.py31.py32.py33.py34.py35.py36.py37.py38-none-macosx_11_0_arm64.whl", hash = "sha256:56ea163c964bb0bc336def2d6a6a1bd42f9db4b870ef834ac77d7b7ee68b8dfc", size = 94534 },
    { url = "https://files.pythonhosted.org/packages/6e/82/179be3e7fc237bd9a32eca6b813e0274acced867f6e501b4c02c29a0eb4a/glfw-2.7.0-py2.py27.py3.py30.py31.py32.py33.py34.py35.py36.py37.py38-none-manylinux2010_i686.whl", hash = "sha256:463aab9e5567c83d8120556b3a845807c60950ed0218fc1283368f46f5ece331", size = 116615 },
    { url = "https://files.pythonhosted.org/packages/3d/67/fbfda5bee27e2d16500d43eff07b48024b82ece528bb4981d96c4f89623b/glfw-2.7.0-py2.py27.py3.py30.py31.py32.py33.py34.py35.py36.py37.py38-none-manylinux2010_x86_64.whl", hash = "sha256:a6f54188dfc349e5426b0ada84843f6eb35a3811d8dbf57ae49c448e7d683bb4", size = 122720 },
    { url = "https://files.pythonhosted.org/packages/9f/72/bcab7489105f768f609c8bc631fc5ec4ddeca0db81745f2f3f21528d8c9c/glfw-2.7.0-py2.py27.py3.py30.py31.py32.py33.py34.py35.py36.py37.py38-none-manylinux2014_aarch64.whl", hash = "sha256:e33568b0aba2045a3d7555f22fcf83fafcacc7c2fc4cb995741894ea51e43ab6", size = 202524 },
    { url = "https://files.pythonhosted.org/packages/ec/e8/462afb18f3627d11d4dab74228b52094e1a121d57fe57957c821c50bbfba/glfw-2.7.0-py2.py27.py3.py30.py31.py32.py33.py34.py35.py36.py37.py38-none-manylinux2014_x86_64.whl", hash = "sha256:d8630dd9673860c427abde5b79bbc348e02eccde8a3f2a802c5a2a4fb5d79fb8", size = 211764 },
    { url = "https://files.pythonhosted.org/packages/1d/02/7eaa19a61508c43f1c24d9da25368dc98e2fd9f7fdb0a1727e4eb687e2e8/glfw-2.7.0-py2.py27.py3.py30.py31.py32.py33.py34.py35.py36.py37.py38-none-win32.whl", hash = "sha256:ff92d14ac1c7afa9c5deb495c335b485868709880e6e080e99ace7026d74c756", size = 497757 },
    { url = "https://files.pythonhosted.org/packages/5c/66/645ed28b13680fe65de1d5334bb9cbb41c5f46e225c0b58b1b2994d5a6a3/glfw-2.7.0-py2.py27.py3.py30.py31.py32.py33.py34.py35.py36.py37.py38-none-win_amd64.whl", hash = "sha256:20d4b31a5a6a61fb787b25f8408204e0e248313cc500953071d13d30a2e5cc9d", size = 493850 },
]

[[package]]
name = "numpy"
version = "2.1.2"
source = { registry = "https://pypi.org/simple" }
sdist = { url = "https://files.pythonhosted.org/packages/4b/d1/8a730ea07f4a37d94f9172f4ce1d81064b7a64766b460378be278952de75/numpy-2.1.2.tar.gz", hash = "sha256:13532a088217fa624c99b843eeb54640de23b3414b14aa66d023805eb731066c", size = 18878063 }
wheels = [
    { url = "https://files.pythonhosted.org/packages/a0/7d/554a6838f37f3ada5a55f25173c619d556ae98092a6e01afb6e710501d70/numpy-2.1.2-cp312-cp312-macosx_10_13_x86_64.whl", hash = "sha256:d7bf0a4f9f15b32b5ba53147369e94296f5fffb783db5aacc1be15b4bf72f43b", size = 20848077 },
    { url = "https://files.pythonhosted.org/packages/b0/29/cb48a402ea879e645b16218718f3f7d9588a77d674a9dcf22e4c43487636/numpy-2.1.2-cp312-cp312-macosx_11_0_arm64.whl", hash = "sha256:b1d0fcae4f0949f215d4632be684a539859b295e2d0cb14f78ec231915d644db", size = 13493242 },
    { url = "https://files.pythonhosted.org/packages/56/44/f899b0581766c230da42f751b7b8896d096640b19b312164c267e48d36cb/numpy-2.1.2-cp312-cp312-macosx_14_0_arm64.whl", hash = "sha256:f751ed0a2f250541e19dfca9f1eafa31a392c71c832b6bb9e113b10d050cb0f1", size = 5089219 },
    { url = "https://files.pythonhosted.org/packages/79/8f/b987070d45161a7a4504afc67ed38544ed2c0ed5576263599a0402204a9c/numpy-2.1.2-cp312-cp312-macosx_14_0_x86_64.whl", hash = "sha256:bd33f82e95ba7ad632bc57837ee99dba3d7e006536200c4e9124089e1bf42426", size = 6620167 },
    { url = "https://files.pythonhosted.org/packages/c4/a7/af3329fda3c3ec31d9b650e42bbcd3422fc62a765cbb1405fde4177a0996/numpy-2.1.2-cp312-cp312-manylinux_2_17_aarch64.manylinux2014_aarch64.whl", hash = "sha256:1b8cde4f11f0a975d1fd59373b32e2f5a562ade7cde4f85b7137f3de8fbb29a0", size = 13604905 },
    { url = "https://files.pythonhosted.org/packages/9b/b4/e3c7e6fab0f77fff6194afa173d1f2342073d91b1d3b4b30b17c3fb4407a/numpy-2.1.2-cp312-cp312-manylinux_2_17_x86_64.manylinux2014_x86_64.whl", hash = "sha256:6d95f286b8244b3649b477ac066c6906fbb2905f8ac19b170e2175d3d799f4df", size = 16041825 },
    { url = "https://files.pythonhosted.org/packages/e9/50/6828e66a78aa03147c111f84d55f33ce2dde547cb578d6744a3b06a0124b/numpy-2.1.2-cp312-cp312-musllinux_1_1_x86_64.whl", hash = "sha256:ab4754d432e3ac42d33a269c8567413bdb541689b02d93788af4131018cbf366", size = 16409541 },
    { url = "https://files.pythonhosted.org/packages/bf/72/66af7916d9c3c6dbfbc8acdd4930c65461e1953374a2bc43d00f948f004a/numpy-2.1.2-cp312-cp312-musllinux_1_2_aarch64.whl", hash = "sha256:e585c8ae871fd38ac50598f4763d73ec5497b0de9a0ab4ef5b69f01c6a046142", size = 14081134 },
    { url = "https://files.pythonhosted.org/packages/dc/5a/59a67d84f33fe00ae74f0b5b69dd4f93a586a4aba7f7e19b54b2133db038/numpy-2.1.2-cp312-cp312-win32.whl", hash = "sha256:9c6c754df29ce6a89ed23afb25550d1c2d5fdb9901d9c67a16e0b16eaf7e2550", size = 6237784 },
    { url = "https://files.pythonhosted.org/packages/4c/79/73735a6a5dad6059c085f240a4e74c9270feccd2bc66e4d31b5ca01d329c/numpy-2.1.2-cp312-cp312-win_amd64.whl", hash = "sha256:456e3b11cb79ac9946c822a56346ec80275eaf2950314b249b512896c0d2505e", size = 12568254 },
    { url = "https://files.pythonhosted.org/packages/16/72/716fa1dbe92395a9a623d5049203ff8ddb0cfce65b9df9117c3696ccc011/numpy-2.1.2-cp313-cp313-macosx_10_13_x86_64.whl", hash = "sha256:a84498e0d0a1174f2b3ed769b67b656aa5460c92c9554039e11f20a05650f00d", size = 20834690 },
    { url = "https://files.pythonhosted.org/packages/1e/fb/3e85a39511586053b5c6a59a643879e376fae22230ebfef9cfabb0e032e2/numpy-2.1.2-cp313-cp313-macosx_11_0_arm64.whl", hash = "sha256:4d6ec0d4222e8ffdab1744da2560f07856421b367928026fb540e1945f2eeeaf", size = 13507474 },
    { url = "https://files.pythonhosted.org/packages/35/eb/5677556d9ba13436dab51e129f98d4829d95cd1b6bd0e199c14485a4bdb9/numpy-2.1.2-cp313-cp313-macosx_14_0_arm64.whl", hash = "sha256:259ec80d54999cc34cd1eb8ded513cb053c3bf4829152a2e00de2371bd406f5e", size = 5074742 },
    { url = "https://files.pythonhosted.org/packages/3e/c5/6c5ef5ba41b65a7e51bed50dbf3e1483eb578055633dd013e811a28e96a1/numpy-2.1.2-cp313-cp313-macosx_14_0_x86_64.whl", hash = "sha256:675c741d4739af2dc20cd6c6a5c4b7355c728167845e3c6b0e824e4e5d36a6c3", size = 6606787 },
    { url = "https://files.pythonhosted.org/packages/08/ac/f2f29dd4fd325b379c7dc932a0ebab22f0e031dbe80b2f6019b291a3a544/numpy-2.1.2-cp313-cp313-manylinux_2_17_aarch64.manylinux2014_aarch64.whl", hash = "sha256:05b2d4e667895cc55e3ff2b56077e4c8a5604361fc21a042845ea3ad67465aa8", size = 13601333 },
    { url = "https://files.pythonhosted.org/packages/44/26/63f5f4e5089654dfb858f4892215ed968cd1a68e6f4a83f9961f84f855cb/numpy-2.1.2-cp313-cp313-manylinux_2_17_x86_64.manylinux2014_x86_64.whl", hash = "sha256:43cca367bf94a14aca50b89e9bc2061683116cfe864e56740e083392f533ce7a", size = 16038090 },
    { url = "https://files.pythonhosted.org/packages/1d/21/015e0594de9c3a8d5edd24943d2bd23f102ec71aec026083f822f86497e2/numpy-2.1.2-cp313-cp313-musllinux_1_1_x86_64.whl", hash = "sha256:76322dcdb16fccf2ac56f99048af32259dcc488d9b7e25b51e5eca5147a3fb98", size = 16410865 },
    { url = "https://files.pythonhosted.org/packages/df/01/c1bcf9e6025d79077fbf3f3ee503b50aa7bfabfcd8f4b54f5829f4c00f3f/numpy-2.1.2-cp313-cp313-musllinux_1_2_aarch64.whl", hash = "sha256:32e16a03138cabe0cb28e1007ee82264296ac0983714094380b408097a418cfe", size = 14078077 },
    { url = "https://files.pythonhosted.org/packages/ba/06/db9d127d63bd11591770ba9f3d960f8041e0f895184b9351d4b1b5b56983/numpy-2.1.2-cp313-cp313-win32.whl", hash = "sha256:242b39d00e4944431a3cd2db2f5377e15b5785920421993770cddb89992c3f3a", size = 6234904 },
    { url = "https://files.pythonhosted.org/packages/a9/96/9f61f8f95b6e0ea0aa08633b704c75d1882bdcb331bdf8bfd63263b25b00/numpy-2.1.2-cp313-cp313-win_amd64.whl", hash = "sha256:f2ded8d9b6f68cc26f8425eda5d3877b47343e68ca23d0d0846f4d312ecaa445", size = 12561910 },
    { url = "https://files.pythonhosted.org/packages/36/b8/033f627821784a48e8f75c218033471eebbaacdd933f8979c79637a1b44b/numpy-2.1.2-cp313-cp313t-macosx_10_13_x86_64.whl", hash = "sha256:2ffef621c14ebb0188a8633348504a35c13680d6da93ab5cb86f4e54b7e922b5", size = 20857719 },
    { url = "https://files.pythonhosted.org/packages/96/46/af5726fde5b74ed83f2f17a73386d399319b7ed4d51279fb23b721d0816d/numpy-2.1.2-cp313-cp313t-macosx_11_0_arm64.whl", hash = "sha256:ad369ed238b1959dfbade9018a740fb9392c5ac4f9b5173f420bd4f37ba1f7a0", size = 13518826 },
    { url = "https://files.pythonhosted.org/packages/db/6e/8ce677edf36da1c4dae80afe5529f47690697eb55b4864673af260ccea7b/numpy-2.1.2-cp313-cp313t-macosx_14_0_arm64.whl", hash = "sha256:d82075752f40c0ddf57e6e02673a17f6cb0f8eb3f587f63ca1eaab5594da5b17", size = 5115036 },
    { url = "https://files.pythonhosted.org/packages/6a/ba/3cce44fb1b8438042c11847048812a776f75ee0e7070179c22e4cfbf420c/numpy-2.1.2-cp313-cp313t-macosx_14_0_x86_64.whl", hash = "sha256:1600068c262af1ca9580a527d43dc9d959b0b1d8e56f8a05d830eea39b7c8af6", size = 6628641 },
    { url = "https://files.pythonhosted.org/packages/59/c8/e722998720ccbd35ffbcf1d1b8ed0aa2304af88d3f1c38e06ebf983599b3/numpy-2.1.2-cp313-cp313t-manylinux_2_17_aarch64.manylinux2014_aarch64.whl", hash = "sha256:a26ae94658d3ba3781d5e103ac07a876b3e9b29db53f68ed7df432fd033358a8", size = 13574803 },
    { url = "https://files.pythonhosted.org/packages/7c/8e/fc1fdd83a55476765329ac2913321c4aed5b082a7915095628c4ca30ea72/numpy-2.1.2-cp313-cp313t-manylinux_2_17_x86_64.manylinux2014_x86_64.whl", hash = "sha256:13311c2db4c5f7609b462bc0f43d3c465424d25c626d95040f073e30f7570e35", size = 16021174 },
    { url = "https://files.pythonhosted.org/packages/2a/b6/a790742aa88067adb4bd6c89a946778c1417d4deaeafce3ca928f26d4c52/numpy-2.1.2-cp313-cp313t-musllinux_1_1_x86_64.whl", hash = "sha256:2abbf905a0b568706391ec6fa15161fad0fb5d8b68d73c461b3c1bab6064dd62", size = 16400117 },
    { url = "https://files.pythonhosted.org/packages/48/6f/129e3c17e3befe7fefdeaa6890f4c4df3f3cf0831aa053802c3862da67aa/numpy-2.1.2-cp313-cp313t-musllinux_1_2_aarch64.whl", hash = "sha256:ef444c57d664d35cac4e18c298c47d7b504c66b17c2ea91312e979fcfbdfb08a", size = 14066202 },
]

[[package]]
name = "pyglm"
version = "2.7.3"
source = { registry = "https://pypi.org/simple" }
sdist = { url = "https://files.pythonhosted.org/packages/fe/a1/123daa472f20022785b18d6cdf6c71e30272aae03584a8ab861fa5fa01a5/pyglm-2.7.3.tar.gz", hash = "sha256:4ccb6c027622b948aebc501cd8c3c23690293115dc98108f8ed3b7fd533b398f", size = 483055 }
wheels = [
    { url = "https://files.pythonhosted.org/packages/08/31/8fb5f31eee897daf8b579410c52c275c72be80245cd6ac83a0d86b1ac1c9/PyGLM-2.7.3-cp312-cp312-macosx_10_13_x86_64.whl", hash = "sha256:5bfebc0caaa0a0096957d984416081a503b1cbd2ba79a0cd0add64e741144247", size = 1586946 },
    { url = "https://files.pythonhosted.org/packages/dd/e3/c8486e4f82b6f88381e405f3fdae36dfd822c726b42da8251bca87fcdb61/PyGLM-2.7.3-cp312-cp312-macosx_11_0_arm64.whl", hash = "sha256:265827ca2eecc7f50d1a37c412b6ed8118ec909f4a5198b2c0a7a914bc33c4a0", size = 1319015 },
    { url = "https://files.pythonhosted.org/packages/b1/55/bc257f2ad7d499ed0c267e744d8c2e838600dff98efb9d43a7cc8752a93a/PyGLM-2.7.3-cp312-cp312-manylinux_2_17_aarch64.manylinux2014_aarch64.whl", hash = "sha256:243890559980131351281007e308e2db0dc52f5dedf1ce0f21383d32cbd3f367", size = 11441393 },
    { url = "https://files.pythonhosted.org/packages/73/8c/2055c41930860d0b2294059fd0d820e6b376e8cecd1459b0a5f7f9632ca6/PyGLM-2.7.3-cp312-cp312-manylinux_2_17_i686.manylinux2014_i686.whl", hash = "sha256:78bb3f32fc92bf0f86527e8143ea861365fdecc05725932eef424346a1948b5b", size = 10820017 },
    { url = "https://files.pythonhosted.org/packages/0f/eb/efac9990e7f95838ce00fedebc1a9713a273fa0f9580eb816ef7d291d489/PyGLM-2.7.3-cp312-cp312-manylinux_2_17_s390x.manylinux2014_s390x.whl", hash = "sha256:b9b193cf4d16b2f43d3458aeaaa29d6cad4f5f2518a3562f3c9b6e361d2d2623", size = 11971119 },
    { url = "https://files.pythonhosted.org/packages/5a/c9/39bb3a16e4402dd6f24a0a923d3a581cde086d7ea4d5cccb9672bf370e03/PyGLM-2.7.3-cp312-cp312-manylinux_2_17_x86_64.manylinux2014_x86_64.whl", hash = "sha256:15a26ac12fb7728b71a45ca9535e6c96cff5a9a1e5beae306ece37073513d519", size = 11968086 },
    { url = "https://files.pythonhosted.org/packages/47/bc/0e7c58847c2ab8f4fa62c6b7c4995c94c9ef50e7803b5aa65cfd9861fcd5/PyGLM-2.7.3-cp312-cp312-manylinux_2_27_aarch64.manylinux_2_28_aarch64.whl", hash = "sha256:bec15034f7c21b2c3c1b70d878f0590aad6a445a0e1290172cc90dccc7a71afb", size = 11009953 },
    { url = "https://files.pythonhosted.org/packages/45/e5/7d1fd80c1554cae210aed2df37524b4c2ad76b67fb069d5012d585a41196/PyGLM-2.7.3-cp312-cp312-manylinux_2_27_s390x.manylinux_2_28_s390x.whl", hash = "sha256:a8253002a1732622bbd8c605baf7ac03b9e1629cfe1136261e651b82204e31d7", size = 11537659 },
    { url = "https://files.pythonhosted.org/packages/59/eb/093167bfdd143f2920869f1ff1ee85f3d1c7f51ebe8d9cd8cf587de9bf84/PyGLM-2.7.3-cp312-cp312-manylinux_2_27_x86_64.manylinux_2_28_x86_64.whl", hash = "sha256:5846787ae297623fe2a09e2a94814f1ca71a80ab929edc5bae93fcbefab7b559", size = 11463684 },
    { url = "https://files.pythonhosted.org/packages/c5/0c/6dea0ceecdee3e7b9479bc44da6a3927f80921280d2e0d0994d6d3b70a19/PyGLM-2.7.3-cp312-cp312-musllinux_1_1_aarch64.whl", hash = "sha256:598404cdfc3fe5bbd6429a1c7879bc6516057827c9e6c2879b22167948854ec6", size = 12404908 },
    { url = "https://files.pythonhosted.org/packages/af/a7/1fa292957b290e4cf2cc62d42edb76545d4773034e4e5a2fb1cfe84c350d/PyGLM-2.7.3-cp312-cp312-musllinux_1_1_i686.whl", hash = "sha256:a71de9de8bf2c585777fdfdde877082722582651a65cb6ab1e6be48299cbdd56", size = 11655722 },
    { url = "https://files.pythonhosted.org/packages/93/87/e01a1f6c3ef40cb5266199a896b756d3d7bc0bd34a24613da213a572772a/PyGLM-2.7.3-cp312-cp312-musllinux_1_1_s390x.whl", hash = "sha256:a49f073a52ca26bf7672aa0685a75f0cb41201e84094ef8aa08c7d9432436bf5", size = 13180552 },
    { url = "https://files.pythonhosted.org/packages/e0/8d/ef84ef6eda2c25a8429233637d54db543721fb7a255b6f885c649dec992b/PyGLM-2.7.3-cp312-cp312-musllinux_1_1_x86_64.whl", hash = "sha256:e37cf83588ff9bc0e8019612c667c4b45a2b1cb195e3890a4609056fa2eda8b4", size = 12959912 },
    { url = "https://files.pythonhosted.org/packages/e8/c3/5259f4c683d4fdfe552229c572750802d4cc630a2283d0320e66785d3cb4/PyGLM-2.7.3-cp312-cp312-win32.whl", hash = "sha256:8b2cf3857dfe598e8f7210aba3990b6b3bc73cb7ee43d422ef8920b1e28aba52", size = 1255103 },
    { url = "https://files.pythonhosted.org/packages/f3/25/2bb4ae6ef04bbd4b4129b63497757e5c72f94805b6f09dc8cc085816ebf9/PyGLM-2.7.3-cp312-cp312-win_amd64.whl", hash = "sha256:4018fbdf125b95d6295e2e3e9f6b1306a204df751d70736f78144cdde07cd721", size = 1592827 },
    { url = "https://files.pythonhosted.org/packages/9b/b0/c145525c037b3f9e88803dd45f33aaa718b00d598c0a57db6b9f7763c4b8/PyGLM-2.7.3-cp312-cp312-win_arm64.whl", hash = "sha256:5465b95bc92d0807a5289559bede5e18f084a6940a8d607f4fbe2457ba21989e", size = 1142855 },
    { url = "https://files.pythonhosted.org/packages/ea/0a/12ea6f3ef6c0ccec95126d639e02cbe74954e54447b3fad27c808db90004/PyGLM-2.7.3-cp313-cp313-macosx_10_13_x86_64.whl", hash = "sha256:d38d3e15098458f7c13db98c3bed936aa6313f7d20eb83968ee2b4c36a7722d6", size = 1586959 },
    { url = "https://files.pythonhosted.org/packages/92/48/2cb33a89245ea0235578905d89dbe633decb1005a4364068ca82b797be83/PyGLM-2.7.3-cp313-cp313-macosx_11_0_arm64.whl", hash = "sha256:f8fe12b0b048e9c5d35647f05ee7fa6c0aebedbc1cb6d4b4f75df5d7b9c16ab3", size = 1319020 },
    { url = "https://files.pythonhosted.org/packages/8f/3b/3bed2074836bfd311362f6c2b5809297e1848aa8c33ad7ed878aaaa265ee/PyGLM-2.7.3-cp313-cp313-manylinux_2_17_aarch64.manylinux2014_aarch64.whl", hash = "sha256:1928999a93ce156665f72b3c799c66a539f114025f4bcae894d46f09ff0ec39c", size = 11443463 },
    { url = "https://files.pythonhosted.org/packages/57/39/4e22b584ae28a99a36057883492eb63f453cf4fa07b7f65d04a4ebd77385/PyGLM-2.7.3-cp313-cp313-manylinux_2_17_i686.manylinux2014_i686.whl", hash = "sha256:7b846eec69f21faf17310562bf7aa3163b2e6dad391c2ddc22e76d3dded8b2e5", size = 10820269 },
    { url = "https://files.pythonhosted.org/packages/c2/48/4ec974cadb1781a45ff3e281f32062057db51aecf43f82c88e8eb10d9809/PyGLM-2.7.3-cp313-cp313-manylinux_2_17_s390x.manylinux2014_s390x.whl", hash = "sha256:5af9ca9802d588910d8f72706690dcd276a82256a828a17f1a4bf898f84da82b", size = 11971271 },
    { url = "https://files.pythonhosted.org/packages/18/ff/28d76e80f8b609465ac91170edb913a9c8351db1fbf5432b429eb43198da/PyGLM-2.7.3-cp313-cp313-manylinux_2_17_x86_64.manylinux2014_x86_64.whl", hash = "sha256:d9d1d471cffee49dc2256f1c9f43600224e10a88a128dfd398b2af2e2104277c", size = 11968742 },
    { url = "https://files.pythonhosted.org/packages/76/8a/4708401d2c9bfae750c3017ffe9d1bd024bc3ebfadcb72783c85205a5a16/PyGLM-2.7.3-cp313-cp313-manylinux_2_27_aarch64.manylinux_2_28_aarch64.whl", hash = "sha256:a415d83a20021a2544276cc122fbea4540493f7a30f9e08da7d185d04e9ca71d", size = 11011544 },
    { url = "https://files.pythonhosted.org/packages/eb/32/237e544cb5d7800064c1affbad551f281de0de5302e11f9216ee0e1781bd/PyGLM-2.7.3-cp313-cp313-manylinux_2_27_s390x.manylinux_2_28_s390x.whl", hash = "sha256:fe0451bc8973260fa9e029773a57d4095c5e08a9f88a979f9699dfe196a956d7", size = 11538130 },
    { url = "https://files.pythonhosted.org/packages/1f/8b/58b6917eab49167c9b7e955067c17b8f12d8974a13a158d06a2a8dc23290/PyGLM-2.7.3-cp313-cp313-manylinux_2_27_x86_64.manylinux_2_28_x86_64.whl", hash = "sha256:f8143b81200d9c9d26442a7ba1614d64aeb319363057bec12d9330591c4f8cf5", size = 11465061 },
    { url = "https://files.pythonhosted.org/packages/58/51/609b1788dace10b720074548c09c2a41f1e4a33ceab7651ad5b108919044/PyGLM-2.7.3-cp313-cp313-musllinux_1_1_aarch64.whl", hash = "sha256:5c3425a3118924e0d148b9ee6dcf6f001fc55326e9f2bbed8360c5d71575e28e", size = 12406002 },
    { url = "https://files.pythonhosted.org/packages/ec/51/e5e20232bb1a667fdc5590a9841df79a2756cb4dffd3d7fb254885587bfd/PyGLM-2.7.3-cp313-cp313-musllinux_1_1_i686.whl", hash = "sha256:5dfb81078d4f9bc5c86be7939f1ab6265192ed16d18ab06fd062c6fcbe649195", size = 11655425 },
    { url = "https://files.pythonhosted.org/packages/b1/c6/29053e449bff3c7417928fbc21b67569c00109ceb3a105fb5c1c8666431e/PyGLM-2.7.3-cp313-cp313-musllinux_1_1_s390x.whl", hash = "sha256:a27c0e0594592f44a3eeebc628974f27095751398184050e333d07884c0f0176", size = 13180433 },
    { url = "https://files.pythonhosted.org/packages/31/f7/92e89e3eb761788a823e0fa863b93ab2ae3c927b27c2eea8c90c607d06c0/PyGLM-2.7.3-cp313-cp313-musllinux_1_1_x86_64.whl", hash = "sha256:8e9f88e62962685f1b0ac4aed8d77aabdf5fa95c6bc4894ea15ac9dc79842ad3", size = 12960300 },
    { url = "https://files.pythonhosted.org/packages/b0/1c/8944d4bd6a8e30d253893a15a4aa71e46da46a870d9c971431a75f12d728/PyGLM-2.7.3-cp313-cp313-win32.whl", hash = "sha256:c9048d98d622e8a95601482bd892a76c8da152bcfcef5d16d279c5bb507a09a7", size = 1255109 },
    { url = "https://files.pythonhosted.org/packages/96/e4/701cf1d5f724b2f9681aa5f6eb8924afd808ca359a29d9795c87b6c22162/PyGLM-2.7.3-cp313-cp313-win_amd64.whl", hash = "sha256:68167968ee91ab176bf9a6e6afaadf4c0c65417c29fecc9f32c6da698ad028db", size = 1592861 },
    { url = "https://files.pythonhosted.org/packages/03/ec/23be89423aa474d521791c3ae7c52e1dcaff9887406fb953f053585e11eb/PyGLM-2.7.3-cp313-cp313-win_arm64.whl", hash = "sha256:24622c249eb315588c042df3b960d3bd90ab6e01caf52009b546b526575d5e91", size = 1142911 },
]

[[package]]
name = "pyopengl"
version = "3.1.7"
source = { registry = "https://pypi.org/simple" }
sdist = { url = "https://files.pythonhosted.org/packages/72/b6/970868d44b619292f1f54501923c69c9bd0ab1d2d44cf02590eac2706f4f/PyOpenGL-3.1.7.tar.gz", hash = "sha256:eef31a3888e6984fd4d8e6c9961b184c9813ca82604d37fe3da80eb000a76c86", size = 1896446 }
wheels = [
    { url = "https://files.pythonhosted.org/packages/99/48/00e31747821d3fc56faddd00a4725454d1e694a8b67d715cf20f531506a5/PyOpenGL-3.1.7-py3-none-any.whl", hash = "sha256:a6ab19cf290df6101aaf7470843a9c46207789855746399d0af92521a0a92b7a", size = 2416834 },
]
